
Microsoft Visual Studio Solution File, Format Version 12.00
# Visual Studio 15
VisualStudioVersion = 15.0.28010.2003
MinimumVisualStudioVersion = 10.0.40219.1
Project("{FAE04EC0-301F-11D3-BF4B-00C04F79EFBC}") = "MaxovCQRS.Common", "MaxovCQRS.Common\MaxovCQRS.Common.csproj", "{14D29222-157B-4F10-BD42-C94C599D177B}"
EndProject
Project("{FAE04EC0-301F-11D3-BF4B-00C04F79EFBC}") = "Maxov.CQRS.Windsor", "Maxov.CQRS.Windsor\Maxov.CQRS.Windsor.csproj", "{7D60F31B-D577-48D5-9642-253E021063A3}"
EndProject
Project("{FAE04EC0-301F-11D3-BF4B-00C04F79EFBC}") = "MaxovCQRS.Sample", "MaxovCQRS.Sample\MaxovCQRS.Sample.csproj", "{C4D1D365-C239-4B6F-A634-369F5F513723}"
EndProject
Global
	GlobalSection(SolutionConfigurationPlatforms) = preSolution
		Debug|Any CPU = Debug|Any CPU
		Release|Any CPU = Release|Any CPU
	EndGlobalSection
	GlobalSection(ProjectConfigurationPlatforms) = postSolution
		{14D29222-157B-4F10-BD42-C94C599D177B}.Debug|Any CPU.ActiveCfg = Debug|Any CPU
		{14D29222-157B-4F10-BD42-C94C599D177B}.Debug|Any CPU.Build.0 = Debug|Any CPU
		{14D29222-157B-4F10-BD42-C94C599D177B}.Release|Any CPU.ActiveCfg = Release|Any CPU
		{14D29222-157B-4F10-BD42-C94C599D177B}.Release|Any CPU.Build.0 = Release|Any CPU
		{7D60F31B-D577-48D5-9642-253E021063A3}.Debug|Any CPU.ActiveCfg = Debug|Any CPU
		{7D60F31B-D577-48D5-9642-253E021063A3}.Debug|Any CPU.Build.0 = Debug|Any CPU
		{7D60F31B-D577-48D5-9642-253E021063A3}.Release|Any CPU.ActiveCfg = Release|Any CPU
		{7D60F31B-D577-48D5-9642-253E021063A3}.Release|Any CPU.Build.0 = Release|Any CPU
		{C4D1D365-C239-4B6F-A634-369F5F513723}.Debug|Any CPU.ActiveCfg = Debug|Any CPU
		{C4D1D365-C239-4B6F-A634-369F5F513723}.Debug|Any CPU.Build.0 = Debug|Any CPU
		{C4D1D365-C239-4B6F-A634-369F5F513723}.Release|Any CPU.ActiveCfg = Release|Any CPU
		{C4D1D365-C239-4B6F-A634-369F5F513723}.Release|Any CPU.Build.0 = Release|Any CPU
	EndGlobalSection
	GlobalSection(SolutionProperties) = preSolution
		HideSolutionNode = FALSE
	EndGlobalSection
	GlobalSection(ExtensibilityGlobals) = postSolution
		SolutionGuid = {A8141EB6-5E3B-4125-8AD6-659FC46A8635}
	EndGlobalSection
EndGlobal
